// !$*UTF8*$!
{
	archiveVersion = 1;
	classes = {
	};
	objectVersion = 56;
	objects = {

/* Begin PBXBuildFile section */
		4E37BC682935012E0034A316 /* AppDelegate.swift in Sources */ = {isa = PBXBuildFile; fileRef = 4E37BC672935012E0034A316 /* AppDelegate.swift */; };
		4E37BC6A2935012E0034A316 /* SceneDelegate.swift in Sources */ = {isa = PBXBuildFile; fileRef = 4E37BC692935012E0034A316 /* SceneDelegate.swift */; };
		4E37BC6C2935012E0034A316 /* FeedViewController.swift in Sources */ = {isa = PBXBuildFile; fileRef = 4E37BC6B2935012E0034A316 /* FeedViewController.swift */; };
		4E37BC712935012F0034A316 /* Assets.xcassets in Resources */ = {isa = PBXBuildFile; fileRef = 4E37BC702935012F0034A316 /* Assets.xcassets */; };
		4E37BC742935012F0034A316 /* LaunchScreen.storyboard in Resources */ = {isa = PBXBuildFile; fileRef = 4E37BC722935012F0034A316 /* LaunchScreen.storyboard */; };
		4E3DF59C2938C71D0023B7D9 /* ProfileHeaderView.swift in Sources */ = {isa = PBXBuildFile; fileRef = 4E3DF59B2938C71D0023B7D9 /* ProfileHeaderView.swift */; };
		4ED17BFF293E5A9700CAB8D7 /* DataSource.swift in Sources */ = {isa = PBXBuildFile; fileRef = 4ED17BFE293E5A9700CAB8D7 /* DataSource.swift */; };
		4EE5C619293FA1D400D901A5 /* TabBarController.swift in Sources */ = {isa = PBXBuildFile; fileRef = 4EE5C618293FA1D400D901A5 /* TabBarController.swift */; };
		4EE5C61B293FA49200D901A5 /* LogInViewController.swift in Sources */ = {isa = PBXBuildFile; fileRef = 4EE5C61A293FA49200D901A5 /* LogInViewController.swift */; };
		4EE5C62029424E4200D901A5 /* PostTableViewCell.swift in Sources */ = {isa = PBXBuildFile; fileRef = 4EE5C61F29424E4200D901A5 /* PostTableViewCell.swift */; };
		4EF2134A2936890B00CE1CD3 /* PostViewController.swift in Sources */ = {isa = PBXBuildFile; fileRef = 4EF213492936890B00CE1CD3 /* PostViewController.swift */; };
		4EF2134C2936894C00CE1CD3 /* InfoViewController.swift in Sources */ = {isa = PBXBuildFile; fileRef = 4EF2134B2936894C00CE1CD3 /* InfoViewController.swift */; };
		4EF2134E2936897600CE1CD3 /* ProfileViewController.swift in Sources */ = {isa = PBXBuildFile; fileRef = 4EF2134D2936897600CE1CD3 /* ProfileViewController.swift */; };
		4EF21350293689EC00CE1CD3 /* Post.swift in Sources */ = {isa = PBXBuildFile; fileRef = 4EF2134F293689EC00CE1CD3 /* Post.swift */; };
/* End PBXBuildFile section */

/* Begin PBXFileReference section */
		4E37BC642935012E0034A316 /* Navigation.app */ = {isa = PBXFileReference; explicitFileType = wrapper.application; includeInIndex = 0; path = Navigation.app; sourceTree = BUILT_PRODUCTS_DIR; };
		4E37BC672935012E0034A316 /* AppDelegate.swift */ = {isa = PBXFileReference; lastKnownFileType = sourcecode.swift; path = AppDelegate.swift; sourceTree = "<group>"; };
		4E37BC692935012E0034A316 /* SceneDelegate.swift */ = {isa = PBXFileReference; lastKnownFileType = sourcecode.swift; path = SceneDelegate.swift; sourceTree = "<group>"; };
		4E37BC6B2935012E0034A316 /* FeedViewController.swift */ = {isa = PBXFileReference; lastKnownFileType = sourcecode.swift; path = FeedViewController.swift; sourceTree = "<group>"; };
		4E37BC702935012F0034A316 /* Assets.xcassets */ = {isa = PBXFileReference; lastKnownFileType = folder.assetcatalog; path = Assets.xcassets; sourceTree = "<group>"; };
		4E37BC732935012F0034A316 /* Base */ = {isa = PBXFileReference; lastKnownFileType = file.storyboard; name = Base; path = Base.lproj/LaunchScreen.storyboard; sourceTree = "<group>"; };
		4E37BC752935012F0034A316 /* Info.plist */ = {isa = PBXFileReference; lastKnownFileType = text.plist.xml; path = Info.plist; sourceTree = "<group>"; };
		4E3DF59B2938C71D0023B7D9 /* ProfileHeaderView.swift */ = {isa = PBXFileReference; lastKnownFileType = sourcecode.swift; path = ProfileHeaderView.swift; sourceTree = "<group>"; };
		4ED17BFE293E5A9700CAB8D7 /* DataSource.swift */ = {isa = PBXFileReference; lastKnownFileType = sourcecode.swift; path = DataSource.swift; sourceTree = "<group>"; };
		4EE5C618293FA1D400D901A5 /* TabBarController.swift */ = {isa = PBXFileReference; lastKnownFileType = sourcecode.swift; path = TabBarController.swift; sourceTree = "<group>"; };
		4EE5C61A293FA49200D901A5 /* LogInViewController.swift */ = {isa = PBXFileReference; lastKnownFileType = sourcecode.swift; path = LogInViewController.swift; sourceTree = "<group>"; };
		4EE5C61C2940742B00D901A5 /* README.md */ = {isa = PBXFileReference; lastKnownFileType = net.daringfireball.markdown; path = README.md; sourceTree = "<group>"; };
		4EE5C61F29424E4200D901A5 /* PostTableViewCell.swift */ = {isa = PBXFileReference; lastKnownFileType = sourcecode.swift; path = PostTableViewCell.swift; sourceTree = "<group>"; };
		4EF213492936890B00CE1CD3 /* PostViewController.swift */ = {isa = PBXFileReference; lastKnownFileType = sourcecode.swift; path = PostViewController.swift; sourceTree = "<group>"; };
		4EF2134B2936894C00CE1CD3 /* InfoViewController.swift */ = {isa = PBXFileReference; lastKnownFileType = sourcecode.swift; path = InfoViewController.swift; sourceTree = "<group>"; };
		4EF2134D2936897600CE1CD3 /* ProfileViewController.swift */ = {isa = PBXFileReference; lastKnownFileType = sourcecode.swift; path = ProfileViewController.swift; sourceTree = "<group>"; };
		4EF2134F293689EC00CE1CD3 /* Post.swift */ = {isa = PBXFileReference; lastKnownFileType = sourcecode.swift; path = Post.swift; sourceTree = "<group>"; };
/* End PBXFileReference section */

/* Begin PBXFrameworksBuildPhase section */
		4E37BC612935012E0034A316 /* Frameworks */ = {
			isa = PBXFrameworksBuildPhase;
			buildActionMask = 2147483647;
			files = (
			);
			runOnlyForDeploymentPostprocessing = 0;
		};
/* End PBXFrameworksBuildPhase section */

/* Begin PBXGroup section */
		4E37BC5B2935012E0034A316 = {
			isa = PBXGroup;
			children = (
				4EE5C61C2940742B00D901A5 /* README.md */,
				4E37BC662935012E0034A316 /* Navigation */,
				4E37BC652935012E0034A316 /* Products */,
			);
			sourceTree = "<group>";
		};
		4E37BC652935012E0034A316 /* Products */ = {
			isa = PBXGroup;
			children = (
				4E37BC642935012E0034A316 /* Navigation.app */,
			);
			name = Products;
			sourceTree = "<group>";
		};
		4E37BC662935012E0034A316 /* Navigation */ = {
			isa = PBXGroup;
			children = (
				4E37BC672935012E0034A316 /* AppDelegate.swift */,
				4E37BC692935012E0034A316 /* SceneDelegate.swift */,
				4EE5C618293FA1D400D901A5 /* TabBarController.swift */,
				4EF21348293688DF00CE1CD3 /* ViewController */,
				4E3DF59A2938C6F80023B7D9 /* Profile */,
				4ED17BFD293E59EA00CAB8D7 /* Model */,
				4E37BC702935012F0034A316 /* Assets.xcassets */,
				4E37BC722935012F0034A316 /* LaunchScreen.storyboard */,
				4E37BC752935012F0034A316 /* Info.plist */,
			);
			path = Navigation;
			sourceTree = "<group>";
		};
		4E3DF59A2938C6F80023B7D9 /* Profile */ = {
			isa = PBXGroup;
			children = (
				4EE5C61A293FA49200D901A5 /* LogInViewController.swift */,
				4E3DF59B2938C71D0023B7D9 /* ProfileHeaderView.swift */,
				4EE5C61F29424E4200D901A5 /* PostTableViewCell.swift */,
				4EF2134D2936897600CE1CD3 /* ProfileViewController.swift */,
			);
			path = Profile;
			sourceTree = "<group>";
		};
		4ED17BFD293E59EA00CAB8D7 /* Model */ = {
			isa = PBXGroup;
			children = (
				4EF2134F293689EC00CE1CD3 /* Post.swift */,
				4ED17BFE293E5A9700CAB8D7 /* DataSource.swift */,
			);
			path = Model;
			sourceTree = "<group>";
		};
		4EF21348293688DF00CE1CD3 /* ViewController */ = {
			isa = PBXGroup;
			children = (
				4E37BC6B2935012E0034A316 /* FeedViewController.swift */,
				4EF213492936890B00CE1CD3 /* PostViewController.swift */,
				4EF2134B2936894C00CE1CD3 /* InfoViewController.swift */,
			);
			path = ViewController;
			sourceTree = "<group>";
		};
/* End PBXGroup section */

/* Begin PBXNativeTarget section */
		4E37BC632935012E0034A316 /* Navigation */ = {
			isa = PBXNativeTarget;
			buildConfigurationList = 4E37BC782935012F0034A316 /* Build configuration list for PBXNativeTarget "Navigation" */;
			buildPhases = (
				4E37BC602935012E0034A316 /* Sources */,
				4E37BC612935012E0034A316 /* Frameworks */,
				4E37BC622935012E0034A316 /* Resources */,
			);
			buildRules = (
			);
			dependencies = (
			);
			name = Navigation;
			productName = Navigation;
			productReference = 4E37BC642935012E0034A316 /* Navigation.app */;
			productType = "com.apple.product-type.application";
		};
/* End PBXNativeTarget section */

/* Begin PBXProject section */
		4E37BC5C2935012E0034A316 /* Project object */ = {
			isa = PBXProject;
			attributes = {
				BuildIndependentTargetsInParallel = 1;
				LastSwiftUpdateCheck = 1400;
				LastUpgradeCheck = 1400;
				TargetAttributes = {
					4E37BC632935012E0034A316 = {
						CreatedOnToolsVersion = 14.0;
					};
				};
			};
			buildConfigurationList = 4E37BC5F2935012E0034A316 /* Build configuration list for PBXProject "Navigation" */;
			compatibilityVersion = "Xcode 14.0";
			developmentRegion = en;
			hasScannedForEncodings = 0;
			knownRegions = (
				en,
				Base,
			);
			mainGroup = 4E37BC5B2935012E0034A316;
			productRefGroup = 4E37BC652935012E0034A316 /* Products */;
			projectDirPath = "";
			projectRoot = "";
			targets = (
				4E37BC632935012E0034A316 /* Navigation */,
			);
		};
/* End PBXProject section */

/* Begin PBXResourcesBuildPhase section */
		4E37BC622935012E0034A316 /* Resources */ = {
			isa = PBXResourcesBuildPhase;
			buildActionMask = 2147483647;
			files = (
				4E37BC742935012F0034A316 /* LaunchScreen.storyboard in Resources */,
				4E37BC712935012F0034A316 /* Assets.xcassets in Resources */,
			);
			runOnlyForDeploymentPostprocessing = 0;
		};
/* End PBXResourcesBuildPhase section */

/* Begin PBXSourcesBuildPhase section */
		4E37BC602935012E0034A316 /* Sources */ = {
			isa = PBXSourcesBuildPhase;
			buildActionMask = 2147483647;
			files = (
				4EF2134E2936897600CE1CD3 /* ProfileViewController.swift in Sources */,
				4EF2134A2936890B00CE1CD3 /* PostViewController.swift in Sources */,
				4EE5C61B293FA49200D901A5 /* LogInViewController.swift in Sources */,
				4E37BC6C2935012E0034A316 /* FeedViewController.swift in Sources */,
				4EE5C619293FA1D400D901A5 /* TabBarController.swift in Sources */,
				4ED17BFF293E5A9700CAB8D7 /* DataSource.swift in Sources */,
				4E37BC682935012E0034A316 /* AppDelegate.swift in Sources */,
				4E37BC6A2935012E0034A316 /* SceneDelegate.swift in Sources */,
				4EF21350293689EC00CE1CD3 /* Post.swift in Sources */,
				4EF2134C2936894C00CE1CD3 /* InfoViewController.swift in Sources */,
				4E3DF59C2938C71D0023B7D9 /* ProfileHeaderView.swift in Sources */,
				4EE5C62029424E4200D901A5 /* PostTableViewCell.swift in Sources */,
			);
			runOnlyForDeploymentPostprocessing = 0;
		};
/* End PBXSourcesBuildPhase section */

/* Begin PBXVariantGroup section */
		4E37BC722935012F0034A316 /* LaunchScreen.storyboard */ = {
			isa = PBXVariantGroup;
			children = (
				4E37BC732935012F0034A316 /* Base */,
			);
			name = LaunchScreen.storyboard;
			sourceTree = "<group>";
		};
/* End PBXVariantGroup section */

/* Begin XCBuildConfiguration section */
		4E37BC762935012F0034A316 /* Debug */ = {
			isa = XCBuildConfiguration;
			buildSettings = {
				ALWAYS_SEARCH_USER_PATHS = NO;
				CLANG_ANALYZER_NONNULL = YES;
				CLANG_ANALYZER_NUMBER_OBJECT_CONVERSION = YES_AGGRESSIVE;
				CLANG_CXX_LANGUAGE_STANDARD = "gnu++20";
				CLANG_ENABLE_MODULES = YES;
				CLANG_ENABLE_OBJC_ARC = YES;
				CLANG_ENABLE_OBJC_WEAK = YES;
				CLANG_WARN_BLOCK_CAPTURE_AUTORELEASING = YES;
				CLANG_WARN_BOOL_CONVERSION = YES;
				CLANG_WARN_COMMA = YES;
				CLANG_WARN_CONSTANT_CONVERSION = YES;
				CLANG_WARN_DEPRECATED_OBJC_IMPLEMENTATIONS = YES;
				CLANG_WARN_DIRECT_OBJC_ISA_USAGE = YES_ERROR;
				CLANG_WARN_DOCUMENTATION_COMMENTS = YES;
				CLANG_WARN_EMPTY_BODY = YES;
				CLANG_WARN_ENUM_CONVERSION = YES;
				CLANG_WARN_INFINITE_RECURSION = YES;
				CLANG_WARN_INT_CONVERSION = YES;
				CLANG_WARN_NON_LITERAL_NULL_CONVERSION = YES;
				CLANG_WARN_OBJC_IMPLICIT_RETAIN_SELF = YES;
				CLANG_WARN_OBJC_LITERAL_CONVERSION = YES;
				CLANG_WARN_OBJC_ROOT_CLASS = YES_ERROR;
				CLANG_WARN_QUOTED_INCLUDE_IN_FRAMEWORK_HEADER = YES;
				CLANG_WARN_RANGE_LOOP_ANALYSIS = YES;
				CLANG_WARN_STRICT_PROTOTYPES = YES;
				CLANG_WARN_SUSPICIOUS_MOVE = YES;
				CLANG_WARN_UNGUARDED_AVAILABILITY = YES_AGGRESSIVE;
				CLANG_WARN_UNREACHABLE_CODE = YES;
				CLANG_WARN__DUPLICATE_METHOD_MATCH = YES;
				COPY_PHASE_STRIP = NO;
				DEBUG_INFORMATION_FORMAT = dwarf;
				ENABLE_STRICT_OBJC_MSGSEND = YES;
				ENABLE_TESTABILITY = YES;
				GCC_C_LANGUAGE_STANDARD = gnu11;
				GCC_DYNAMIC_NO_PIC = NO;
				GCC_NO_COMMON_BLOCKS = YES;
				GCC_OPTIMIZATION_LEVEL = 0;
				GCC_PREPROCESSOR_DEFINITIONS = (
					"DEBUG=1",
					"$(inherited)",
				);
				GCC_WARN_64_TO_32_BIT_CONVERSION = YES;
				GCC_WARN_ABOUT_RETURN_TYPE = YES_ERROR;
				GCC_WARN_UNDECLARED_SELECTOR = YES;
				GCC_WARN_UNINITIALIZED_AUTOS = YES_AGGRESSIVE;
				GCC_WARN_UNUSED_FUNCTION = YES;
				GCC_WARN_UNUSED_VARIABLE = YES;
				IPHONEOS_DEPLOYMENT_TARGET = 16.0;
				MTL_ENABLE_DEBUG_INFO = INCLUDE_SOURCE;
				MTL_FAST_MATH = YES;
				ONLY_ACTIVE_ARCH = YES;
				SDKROOT = iphoneos;
				SWIFT_ACTIVE_COMPILATION_CONDITIONS = DEBUG;
				SWIFT_OPTIMIZATION_LEVEL = "-Onone";
			};
			name = Debug;
		};
		4E37BC772935012F0034A316 /* Release */ = {
			isa = XCBuildConfiguration;
			buildSettings = {
				ALWAYS_SEARCH_USER_PATHS = NO;
				CLANG_ANALYZER_NONNULL = YES;
				CLANG_ANALYZER_NUMBER_OBJECT_CONVERSION = YES_AGGRESSIVE;
				CLANG_CXX_LANGUAGE_STANDARD = "gnu++20";
				CLANG_ENABLE_MODULES = YES;
				CLANG_ENABLE_OBJC_ARC = YES;
				CLANG_ENABLE_OBJC_WEAK = YES;
				CLANG_WARN_BLOCK_CAPTURE_AUTORELEASING = YES;
				CLANG_WARN_BOOL_CONVERSION = YES;
				CLANG_WARN_COMMA = YES;
				CLANG_WARN_CONSTANT_CONVERSION = YES;
				CLANG_WARN_DEPRECATED_OBJC_IMPLEMENTATIONS = YES;
				CLANG_WARN_DIRECT_OBJC_ISA_USAGE = YES_ERROR;
				CLANG_WARN_DOCUMENTATION_COMMENTS = YES;
				CLANG_WARN_EMPTY_BODY = YES;
				CLANG_WARN_ENUM_CONVERSION = YES;
				CLANG_WARN_INFINITE_RECURSION = YES;
				CLANG_WARN_INT_CONVERSION = YES;
				CLANG_WARN_NON_LITERAL_NULL_CONVERSION = YES;
				CLANG_WARN_OBJC_IMPLICIT_RETAIN_SELF = YES;
				CLANG_WARN_OBJC_LITERAL_CONVERSION = YES;
				CLANG_WARN_OBJC_ROOT_CLASS = YES_ERROR;
				CLANG_WARN_QUOTED_INCLUDE_IN_FRAMEWORK_HEADER = YES;
				CLANG_WARN_RANGE_LOOP_ANALYSIS = YES;
				CLANG_WARN_STRICT_PROTOTYPES = YES;
				CLANG_WARN_SUSPICIOUS_MOVE = YES;
				CLANG_WARN_UNGUARDED_AVAILABILITY = YES_AGGRESSIVE;
				CLANG_WARN_UNREACHABLE_CODE = YES;
				CLANG_WARN__DUPLICATE_METHOD_MATCH = YES;
				COPY_PHASE_STRIP = NO;
				DEBUG_INFORMATION_FORMAT = "dwarf-with-dsym";
				ENABLE_NS_ASSERTIONS = NO;
				ENABLE_STRICT_OBJC_MSGSEND = YES;
				GCC_C_LANGUAGE_STANDARD = gnu11;
				GCC_NO_COMMON_BLOCKS = YES;
				GCC_WARN_64_TO_32_BIT_CONVERSION = YES;
				GCC_WARN_ABOUT_RETURN_TYPE = YES_ERROR;
				GCC_WARN_UNDECLARED_SELECTOR = YES;
				GCC_WARN_UNINITIALIZED_AUTOS = YES_AGGRESSIVE;
				GCC_WARN_UNUSED_FUNCTION = YES;
				GCC_WARN_UNUSED_VARIABLE = YES;
				IPHONEOS_DEPLOYMENT_TARGET = 16.0;
				MTL_ENABLE_DEBUG_INFO = NO;
				MTL_FAST_MATH = YES;
				SDKROOT = iphoneos;
				SWIFT_COMPILATION_MODE = wholemodule;
				SWIFT_OPTIMIZATION_LEVEL = "-O";
				VALIDATE_PRODUCT = YES;
			};
			name = Release;
		};
		4E37BC792935012F0034A316 /* Debug */ = {
			isa = XCBuildConfiguration;
			buildSettings = {
				ASSETCATALOG_COMPILER_APPICON_NAME = AppIcon;
				ASSETCATALOG_COMPILER_GLOBAL_ACCENT_COLOR_NAME = AccentColor;
				CODE_SIGN_STYLE = Automatic;
				CURRENT_PROJECT_VERSION = 1;
				DEVELOPMENT_TEAM = 8LURC6MFX7;
				GENERATE_INFOPLIST_FILE = YES;
				INFOPLIST_FILE = Navigation/Info.plist;
				INFOPLIST_KEY_UIApplicationSupportsIndirectInputEvents = YES;
				INFOPLIST_KEY_UILaunchStoryboardName = LaunchScreen;
				INFOPLIST_KEY_UISupportedInterfaceOrientations_iPad = "UIInterfaceOrientationPortrait UIInterfaceOrientationPortraitUpsideDown UIInterfaceOrientationLandscapeLeft UIInterfaceOrientationLandscapeRight";
				INFOPLIST_KEY_UISupportedInterfaceOrientations_iPhone = UIInterfaceOrientationPortrait;
				LD_RUNPATH_SEARCH_PATHS = (
					"$(inherited)",
					"@executable_path/Frameworks",
				);
				MARKETING_VERSION = 1.0;
				PRODUCT_BUNDLE_IDENTIFIER = com.guzei.igor.Navigation;
				PRODUCT_NAME = "$(TARGET_NAME)";
				SWIFT_EMIT_LOC_STRINGS = YES;
				SWIFT_VERSION = 5.0;
				TARGETED_DEVICE_FAMILY = "1,2";
			};
			name = Debug;
		};
		4E37BC7A2935012F0034A316 /* Release */ = {
			isa = XCBuildConfiguration;
			buildSettings = {
				ASSETCATALOG_COMPILER_APPICON_NAME = AppIcon;
				ASSETCATALOG_COMPILER_GLOBAL_ACCENT_COLOR_NAME = AccentColor;
				CODE_SIGN_STYLE = Automatic;
				CURRENT_PROJECT_VERSION = 1;
				DEVELOPMENT_TEAM = 8LURC6MFX7;
				GENERATE_INFOPLIST_FILE = YES;
				INFOPLIST_FILE = Navigation/Info.plist;
				INFOPLIST_KEY_UIApplicationSupportsIndirectInputEvents = YES;
				INFOPLIST_KEY_UILaunchStoryboardName = LaunchScreen;
				INFOPLIST_KEY_UISupportedInterfaceOrientations_iPad = "UIInterfaceOrientationPortrait UIInterfaceOrientationPortraitUpsideDown UIInterfaceOrientationLandscapeLeft UIInterfaceOrientationLandscapeRight";
				INFOPLIST_KEY_UISupportedInterfaceOrientations_iPhone = UIInterfaceOrientationPortrait;
				LD_RUNPATH_SEARCH_PATHS = (
					"$(inherited)",
					"@executable_path/Frameworks",
				);
				MARKETING_VERSION = 1.0;
				PRODUCT_BUNDLE_IDENTIFIER = com.guzei.igor.Navigation;
				PRODUCT_NAME = "$(TARGET_NAME)";
				SWIFT_EMIT_LOC_STRINGS = YES;
				SWIFT_VERSION = 5.0;
				TARGETED_DEVICE_FAMILY = "1,2";
			};
			name = Release;
		};
/* End XCBuildConfiguration section */

/* Begin XCConfigurationList section */
		4E37BC5F2935012E0034A316 /* Build configuration list for PBXProject "Navigation" */ = {
			isa = XCConfigurationList;
			buildConfigurations = (
				4E37BC762935012F0034A316 /* Debug */,
				4E37BC772935012F0034A316 /* Release */,
			);
			defaultConfigurationIsVisible = 0;
			defaultConfigurationName = Release;
		};
		4E37BC782935012F0034A316 /* Build configuration list for PBXNativeTarget "Navigation" */ = {
			isa = XCConfigurationList;
			buildConfigurations = (
				4E37BC792935012F0034A316 /* Debug */,
				4E37BC7A2935012F0034A316 /* Release */,
			);
			defaultConfigurationIsVisible = 0;
			defaultConfigurationName = Release;
		};
/* End XCConfigurationList section */
	};
	rootObject = 4E37BC5C2935012E0034A316 /* Project object */;
}
